
Microsoft Visual Studio Solution File, Format Version 12.00
# Visual Studio Version 16
VisualStudioVersion = 16.0.31321.278
MinimumVisualStudioVersion = 10.0.40219.1
Project("{FAE04EC0-301F-11D3-BF4B-00C04F79EFBC}") = "DemoAPI", "DemoAPI\DemoAPI.csproj", "{562D2419-604D-4F8B-A751-B78A6E0B2478}"
EndProject
Global
	GlobalSection(SolutionConfigurationPlatforms) = preSolution
		Debug|Any CPU = Debug|Any CPU
		Release|Any CPU = Release|Any CPU
	EndGlobalSection
	GlobalSection(ProjectConfigurationPlatforms) = postSolution
		{562D2419-604D-4F8B-A751-B78A6E0B2478}.Debug|Any CPU.ActiveCfg = Debug|Any CPU
		{562D2419-604D-4F8B-A751-B78A6E0B2478}.Debug|Any CPU.Build.0 = Debug|Any CPU
		{562D2419-604D-4F8B-A751-B78A6E0B2478}.Release|Any CPU.ActiveCfg = Release|Any CPU
		{562D2419-604D-4F8B-A751-B78A6E0B2478}.Release|Any CPU.Build.0 = Release|Any CPU
	EndGlobalSection
	GlobalSection(SolutionProperties) = preSolution
		HideSolutionNode = FALSE
	EndGlobalSection
	GlobalSection(ExtensibilityGlobals) = postSolution
		SolutionGuid = {45C3E55F-D2BE-479D-8F55-F31274CB0C12}
	EndGlobalSection
EndGlobal
